
Microsoft Visual Studio Solution File, Format Version 12.00
# Visual Studio Version 17
VisualStudioVersion = 17.11.35303.130
MinimumVisualStudioVersion = 10.0.40219.1
Project("{8BC9CEB8-8B4A-11D0-8D11-00A0C91BC942}") = "server", "server.vcxproj", "{D665BFE4-785E-4B6A-BAD0-1034130A5A8F}"
EndProject
Project("{8BC9CEB8-8B4A-11D0-8D11-00A0C91BC942}") = "client", "..\client\client.vcxproj", "{D92E9288-3835-4BA2-9B2F-D773E8347147}"
EndProject
Global
	GlobalSection(SolutionConfigurationPlatforms) = preSolution
		Debug|x64 = Debug|x64
		Debug|x86 = Debug|x86
		Release|x64 = Release|x64
		Release|x86 = Release|x86
	EndGlobalSection
	GlobalSection(ProjectConfigurationPlatforms) = postSolution
		{D665BFE4-785E-4B6A-BAD0-1034130A5A8F}.Debug|x64.ActiveCfg = Debug|x64
		{D665BFE4-785E-4B6A-BAD0-1034130A5A8F}.Debug|x64.Build.0 = Debug|x64
		{D665BFE4-785E-4B6A-BAD0-1034130A5A8F}.Debug|x86.ActiveCfg = Debug|Win32
		{D665BFE4-785E-4B6A-BAD0-1034130A5A8F}.Debug|x86.Build.0 = Debug|Win32
		{D665BFE4-785E-4B6A-BAD0-1034130A5A8F}.Release|x64.ActiveCfg = Release|x64
		{D665BFE4-785E-4B6A-BAD0-1034130A5A8F}.Release|x64.Build.0 = Release|x64
		{D665BFE4-785E-4B6A-BAD0-1034130A5A8F}.Release|x86.ActiveCfg = Release|Win32
		{D665BFE4-785E-4B6A-BAD0-1034130A5A8F}.Release|x86.Build.0 = Release|Win32
		{D92E9288-3835-4BA2-9B2F-D773E8347147}.Debug|x64.ActiveCfg = Debug|x64
		{D92E9288-3835-4BA2-9B2F-D773E8347147}.Debug|x64.Build.0 = Debug|x64
		{D92E9288-3835-4BA2-9B2F-D773E8347147}.Debug|x86.ActiveCfg = Debug|Win32
		{D92E9288-3835-4BA2-9B2F-D773E8347147}.Debug|x86.Build.0 = Debug|Win32
		{D92E9288-3835-4BA2-9B2F-D773E8347147}.Release|x64.ActiveCfg = Release|x64
		{D92E9288-3835-4BA2-9B2F-D773E8347147}.Release|x64.Build.0 = Release|x64
		{D92E9288-3835-4BA2-9B2F-D773E8347147}.Release|x86.ActiveCfg = Release|Win32
		{D92E9288-3835-4BA2-9B2F-D773E8347147}.Release|x86.Build.0 = Release|Win32
	EndGlobalSection
	GlobalSection(SolutionProperties) = preSolution
		HideSolutionNode = FALSE
	EndGlobalSection
	GlobalSection(ExtensibilityGlobals) = postSolution
		SolutionGuid = {B19A78E8-774E-4FB5-A290-4308953F50A4}
	EndGlobalSection
EndGlobal
